// !$*UTF8*$!
{
	archiveVersion = 1;
	classes = {
	};
	objectVersion = 55;
	objects = {

/* Begin PBXBuildFile section */
		63C7AD6027995191008D77D7 /* AppDelegate.swift in Sources */ = {isa = PBXBuildFile; fileRef = 63C7AD5F27995191008D77D7 /* AppDelegate.swift */; };
		63C7AD6227995191008D77D7 /* SceneDelegate.swift in Sources */ = {isa = PBXBuildFile; fileRef = 63C7AD6127995191008D77D7 /* SceneDelegate.swift */; };
		63C7AD6427995191008D77D7 /* ViewController.swift in Sources */ = {isa = PBXBuildFile; fileRef = 63C7AD6327995191008D77D7 /* ViewController.swift */; };
		63C7AD6727995191008D77D7 /* Main.storyboard in Resources */ = {isa = PBXBuildFile; fileRef = 63C7AD6527995191008D77D7 /* Main.storyboard */; };
		63C7AD6927995191008D77D7 /* Assets.xcassets in Resources */ = {isa = PBXBuildFile; fileRef = 63C7AD6827995191008D77D7 /* Assets.xcassets */; };
		63C7AD6C27995191008D77D7 /* LaunchScreen.storyboard in Resources */ = {isa = PBXBuildFile; fileRef = 63C7AD6A27995191008D77D7 /* LaunchScreen.storyboard */; };
		63C7AD7727995191008D77D7 /* Localization_IntroTests.swift in Sources */ = {isa = PBXBuildFile; fileRef = 63C7AD7627995191008D77D7 /* Localization_IntroTests.swift */; };
		63C7AD8127995191008D77D7 /* Localization_IntroUITests.swift in Sources */ = {isa = PBXBuildFile; fileRef = 63C7AD8027995191008D77D7 /* Localization_IntroUITests.swift */; };
		63C7AD8327995191008D77D7 /* Localization_IntroUITestsLaunchTests.swift in Sources */ = {isa = PBXBuildFile; fileRef = 63C7AD8227995191008D77D7 /* Localization_IntroUITestsLaunchTests.swift */; };
		63C7AD902799531D008D77D7 /* .gitignore in Resources */ = {isa = PBXBuildFile; fileRef = 63C7AD8F2799531D008D77D7 /* .gitignore */; };
		63C7ADA527996094008D77D7 /* Localizable.strings in Resources */ = {isa = PBXBuildFile; fileRef = 63C7ADA727996094008D77D7 /* Localizable.strings */; };
		63C7ADAC27996687008D77D7 /* animal.jpeg in Resources */ = {isa = PBXBuildFile; fileRef = 63C7ADAE27996687008D77D7 /* animal.jpeg */; };
/* End PBXBuildFile section */

/* Begin PBXContainerItemProxy section */
		63C7AD7327995191008D77D7 /* PBXContainerItemProxy */ = {
			isa = PBXContainerItemProxy;
			containerPortal = 63C7AD5427995191008D77D7 /* Project object */;
			proxyType = 1;
			remoteGlobalIDString = 63C7AD5B27995191008D77D7;
			remoteInfo = "Localization-Intro";
		};
		63C7AD7D27995191008D77D7 /* PBXContainerItemProxy */ = {
			isa = PBXContainerItemProxy;
			containerPortal = 63C7AD5427995191008D77D7 /* Project object */;
			proxyType = 1;
			remoteGlobalIDString = 63C7AD5B27995191008D77D7;
			remoteInfo = "Localization-Intro";
		};
/* End PBXContainerItemProxy section */

/* Begin PBXFileReference section */
		63C7AD5C27995191008D77D7 /* Localization-Intro.app */ = {isa = PBXFileReference; explicitFileType = wrapper.application; includeInIndex = 0; path = "Localization-Intro.app"; sourceTree = BUILT_PRODUCTS_DIR; };
		63C7AD5F27995191008D77D7 /* AppDelegate.swift */ = {isa = PBXFileReference; lastKnownFileType = sourcecode.swift; path = AppDelegate.swift; sourceTree = "<group>"; };
		63C7AD6127995191008D77D7 /* SceneDelegate.swift */ = {isa = PBXFileReference; lastKnownFileType = sourcecode.swift; path = SceneDelegate.swift; sourceTree = "<group>"; };
		63C7AD6327995191008D77D7 /* ViewController.swift */ = {isa = PBXFileReference; lastKnownFileType = sourcecode.swift; path = ViewController.swift; sourceTree = "<group>"; };
		63C7AD6627995191008D77D7 /* Base */ = {isa = PBXFileReference; lastKnownFileType = file.storyboard; name = Base; path = Base.lproj/Main.storyboard; sourceTree = "<group>"; };
		63C7AD6827995191008D77D7 /* Assets.xcassets */ = {isa = PBXFileReference; lastKnownFileType = folder.assetcatalog; path = Assets.xcassets; sourceTree = "<group>"; };
		63C7AD6B27995191008D77D7 /* Base */ = {isa = PBXFileReference; lastKnownFileType = file.storyboard; name = Base; path = Base.lproj/LaunchScreen.storyboard; sourceTree = "<group>"; };
		63C7AD6D27995191008D77D7 /* Info.plist */ = {isa = PBXFileReference; lastKnownFileType = text.plist.xml; path = Info.plist; sourceTree = "<group>"; };
		63C7AD7227995191008D77D7 /* Localization-IntroTests.xctest */ = {isa = PBXFileReference; explicitFileType = wrapper.cfbundle; includeInIndex = 0; path = "Localization-IntroTests.xctest"; sourceTree = BUILT_PRODUCTS_DIR; };
		63C7AD7627995191008D77D7 /* Localization_IntroTests.swift */ = {isa = PBXFileReference; lastKnownFileType = sourcecode.swift; path = Localization_IntroTests.swift; sourceTree = "<group>"; };
		63C7AD7C27995191008D77D7 /* Localization-IntroUITests.xctest */ = {isa = PBXFileReference; explicitFileType = wrapper.cfbundle; includeInIndex = 0; path = "Localization-IntroUITests.xctest"; sourceTree = BUILT_PRODUCTS_DIR; };
		63C7AD8027995191008D77D7 /* Localization_IntroUITests.swift */ = {isa = PBXFileReference; lastKnownFileType = sourcecode.swift; path = Localization_IntroUITests.swift; sourceTree = "<group>"; };
		63C7AD8227995191008D77D7 /* Localization_IntroUITestsLaunchTests.swift */ = {isa = PBXFileReference; lastKnownFileType = sourcecode.swift; path = Localization_IntroUITestsLaunchTests.swift; sourceTree = "<group>"; };
		63C7AD8F2799531D008D77D7 /* .gitignore */ = {isa = PBXFileReference; lastKnownFileType = text; path = .gitignore; sourceTree = "<group>"; };
		63C7ADA127996031008D77D7 /* sv */ = {isa = PBXFileReference; lastKnownFileType = text.plist.strings; name = sv; path = sv.lproj/Main.strings; sourceTree = "<group>"; };
		63C7ADA227996031008D77D7 /* sv */ = {isa = PBXFileReference; lastKnownFileType = text.plist.strings; name = sv; path = sv.lproj/LaunchScreen.strings; sourceTree = "<group>"; };
		63C7ADA627996094008D77D7 /* en */ = {isa = PBXFileReference; lastKnownFileType = text.plist.strings; name = en; path = en.lproj/Localizable.strings; sourceTree = "<group>"; };
		63C7ADA827996097008D77D7 /* sv */ = {isa = PBXFileReference; lastKnownFileType = text.plist.strings; name = sv; path = sv.lproj/Localizable.strings; sourceTree = "<group>"; };
		63C7ADAD27996687008D77D7 /* Base */ = {isa = PBXFileReference; lastKnownFileType = image.jpeg; name = Base; path = Base.lproj/animal.jpeg; sourceTree = "<group>"; };
		63C7ADAF2799668E008D77D7 /* sv */ = {isa = PBXFileReference; lastKnownFileType = image.jpeg; name = sv; path = sv.lproj/animal.jpeg; sourceTree = "<group>"; };
/* End PBXFileReference section */

/* Begin PBXFrameworksBuildPhase section */
		63C7AD5927995191008D77D7 /* Frameworks */ = {
			isa = PBXFrameworksBuildPhase;
			buildActionMask = 2147483647;
			files = (
			);
			runOnlyForDeploymentPostprocessing = 0;
		};
		63C7AD6F27995191008D77D7 /* Frameworks */ = {
			isa = PBXFrameworksBuildPhase;
			buildActionMask = 2147483647;
			files = (
			);
			runOnlyForDeploymentPostprocessing = 0;
		};
		63C7AD7927995191008D77D7 /* Frameworks */ = {
			isa = PBXFrameworksBuildPhase;
			buildActionMask = 2147483647;
			files = (
			);
			runOnlyForDeploymentPostprocessing = 0;
		};
/* End PBXFrameworksBuildPhase section */

/* Begin PBXGroup section */
		63C7AD5327995191008D77D7 = {
			isa = PBXGroup;
			children = (
				63C7AD8F2799531D008D77D7 /* .gitignore */,
				63C7AD5E27995191008D77D7 /* Localization-Intro */,
				63C7AD7527995191008D77D7 /* Localization-IntroTests */,
				63C7AD7F27995191008D77D7 /* Localization-IntroUITests */,
				63C7AD5D27995191008D77D7 /* Products */,
			);
			sourceTree = "<group>";
		};
		63C7AD5D27995191008D77D7 /* Products */ = {
			isa = PBXGroup;
			children = (
				63C7AD5C27995191008D77D7 /* Localization-Intro.app */,
				63C7AD7227995191008D77D7 /* Localization-IntroTests.xctest */,
				63C7AD7C27995191008D77D7 /* Localization-IntroUITests.xctest */,
			);
			name = Products;
			sourceTree = "<group>";
		};
		63C7AD5E27995191008D77D7 /* Localization-Intro */ = {
			isa = PBXGroup;
			children = (
				63C7ADA927996635008D77D7 /* Images */,
				63C7ADA727996094008D77D7 /* Localizable.strings */,
				63C7AD5F27995191008D77D7 /* AppDelegate.swift */,
				63C7AD6127995191008D77D7 /* SceneDelegate.swift */,
				63C7AD6327995191008D77D7 /* ViewController.swift */,
				63C7AD6527995191008D77D7 /* Main.storyboard */,
				63C7AD6827995191008D77D7 /* Assets.xcassets */,
				63C7AD6A27995191008D77D7 /* LaunchScreen.storyboard */,
				63C7AD6D27995191008D77D7 /* Info.plist */,
			);
			path = "Localization-Intro";
			sourceTree = "<group>";
		};
		63C7AD7527995191008D77D7 /* Localization-IntroTests */ = {
			isa = PBXGroup;
			children = (
				63C7AD7627995191008D77D7 /* Localization_IntroTests.swift */,
			);
			path = "Localization-IntroTests";
			sourceTree = "<group>";
		};
		63C7AD7F27995191008D77D7 /* Localization-IntroUITests */ = {
			isa = PBXGroup;
			children = (
				63C7AD8027995191008D77D7 /* Localization_IntroUITests.swift */,
				63C7AD8227995191008D77D7 /* Localization_IntroUITestsLaunchTests.swift */,
			);
			path = "Localization-IntroUITests";
			sourceTree = "<group>";
		};
		63C7ADA927996635008D77D7 /* Images */ = {
			isa = PBXGroup;
			children = (
				63C7ADAE27996687008D77D7 /* animal.jpeg */,
			);
			path = Images;
			sourceTree = "<group>";
		};
/* End PBXGroup section */

/* Begin PBXNativeTarget section */
		63C7AD5B27995191008D77D7 /* Localization-Intro */ = {
			isa = PBXNativeTarget;
			buildConfigurationList = 63C7AD8627995191008D77D7 /* Build configuration list for PBXNativeTarget "Localization-Intro" */;
			buildPhases = (
				63C7AD5827995191008D77D7 /* Sources */,
				63C7AD5927995191008D77D7 /* Frameworks */,
				63C7AD5A27995191008D77D7 /* Resources */,
			);
			buildRules = (
			);
			dependencies = (
			);
			name = "Localization-Intro";
			productName = "Localization-Intro";
			productReference = 63C7AD5C27995191008D77D7 /* Localization-Intro.app */;
			productType = "com.apple.product-type.application";
		};
		63C7AD7127995191008D77D7 /* Localization-IntroTests */ = {
			isa = PBXNativeTarget;
			buildConfigurationList = 63C7AD8927995191008D77D7 /* Build configuration list for PBXNativeTarget "Localization-IntroTests" */;
			buildPhases = (
				63C7AD6E27995191008D77D7 /* Sources */,
				63C7AD6F27995191008D77D7 /* Frameworks */,
				63C7AD7027995191008D77D7 /* Resources */,
			);
			buildRules = (
			);
			dependencies = (
				63C7AD7427995191008D77D7 /* PBXTargetDependency */,
			);
			name = "Localization-IntroTests";
			productName = "Localization-IntroTests";
			productReference = 63C7AD7227995191008D77D7 /* Localization-IntroTests.xctest */;
			productType = "com.apple.product-type.bundle.unit-test";
		};
		63C7AD7B27995191008D77D7 /* Localization-IntroUITests */ = {
			isa = PBXNativeTarget;
			buildConfigurationList = 63C7AD8C27995191008D77D7 /* Build configuration list for PBXNativeTarget "Localization-IntroUITests" */;
			buildPhases = (
				63C7AD7827995191008D77D7 /* Sources */,
				63C7AD7927995191008D77D7 /* Frameworks */,
				63C7AD7A27995191008D77D7 /* Resources */,
			);
			buildRules = (
			);
			dependencies = (
				63C7AD7E27995191008D77D7 /* PBXTargetDependency */,
			);
			name = "Localization-IntroUITests";
			productName = "Localization-IntroUITests";
			productReference = 63C7AD7C27995191008D77D7 /* Localization-IntroUITests.xctest */;
			productType = "com.apple.product-type.bundle.ui-testing";
		};
/* End PBXNativeTarget section */

/* Begin PBXProject section */
		63C7AD5427995191008D77D7 /* Project object */ = {
			isa = PBXProject;
			attributes = {
				BuildIndependentTargetsInParallel = 1;
				LastSwiftUpdateCheck = 1320;
				LastUpgradeCheck = 1320;
				TargetAttributes = {
					63C7AD5B27995191008D77D7 = {
						CreatedOnToolsVersion = 13.2.1;
					};
					63C7AD7127995191008D77D7 = {
						CreatedOnToolsVersion = 13.2.1;
						TestTargetID = 63C7AD5B27995191008D77D7;
					};
					63C7AD7B27995191008D77D7 = {
						CreatedOnToolsVersion = 13.2.1;
						TestTargetID = 63C7AD5B27995191008D77D7;
					};
				};
			};
			buildConfigurationList = 63C7AD5727995191008D77D7 /* Build configuration list for PBXProject "Localization-Intro" */;
			compatibilityVersion = "Xcode 13.0";
			developmentRegion = en;
			hasScannedForEncodings = 0;
			knownRegions = (
				en,
				Base,
				sv,
			);
			mainGroup = 63C7AD5327995191008D77D7;
			productRefGroup = 63C7AD5D27995191008D77D7 /* Products */;
			projectDirPath = "";
			projectRoot = "";
			targets = (
				63C7AD5B27995191008D77D7 /* Localization-Intro */,
				63C7AD7127995191008D77D7 /* Localization-IntroTests */,
				63C7AD7B27995191008D77D7 /* Localization-IntroUITests */,
			);
		};
/* End PBXProject section */

/* Begin PBXResourcesBuildPhase section */
		63C7AD5A27995191008D77D7 /* Resources */ = {
			isa = PBXResourcesBuildPhase;
			buildActionMask = 2147483647;
			files = (
				63C7ADA527996094008D77D7 /* Localizable.strings in Resources */,
				63C7AD902799531D008D77D7 /* .gitignore in Resources */,
				63C7ADAC27996687008D77D7 /* animal.jpeg in Resources */,
				63C7AD6C27995191008D77D7 /* LaunchScreen.storyboard in Resources */,
				63C7AD6927995191008D77D7 /* Assets.xcassets in Resources */,
				63C7AD6727995191008D77D7 /* Main.storyboard in Resources */,
			);
			runOnlyForDeploymentPostprocessing = 0;
		};
		63C7AD7027995191008D77D7 /* Resources */ = {
			isa = PBXResourcesBuildPhase;
			buildActionMask = 2147483647;
			files = (
			);
			runOnlyForDeploymentPostprocessing = 0;
		};
		63C7AD7A27995191008D77D7 /* Resources */ = {
			isa = PBXResourcesBuildPhase;
			buildActionMask = 2147483647;
			files = (
			);
			runOnlyForDeploymentPostprocessing = 0;
		};
/* End PBXResourcesBuildPhase section */

/* Begin PBXSourcesBuildPhase section */
		63C7AD5827995191008D77D7 /* Sources */ = {
			isa = PBXSourcesBuildPhase;
			buildActionMask = 2147483647;
			files = (
				63C7AD6427995191008D77D7 /* ViewController.swift in Sources */,
				63C7AD6027995191008D77D7 /* AppDelegate.swift in Sources */,
				63C7AD6227995191008D77D7 /* SceneDelegate.swift in Sources */,
			);
			runOnlyForDeploymentPostprocessing = 0;
		};
		63C7AD6E27995191008D77D7 /* Sources */ = {
			isa = PBXSourcesBuildPhase;
			buildActionMask = 2147483647;
			files = (
				63C7AD7727995191008D77D7 /* Localization_IntroTests.swift in Sources */,
			);
			runOnlyForDeploymentPostprocessing = 0;
		};
		63C7AD7827995191008D77D7 /* Sources */ = {
			isa = PBXSourcesBuildPhase;
			buildActionMask = 2147483647;
			files = (
				63C7AD8327995191008D77D7 /* Localization_IntroUITestsLaunchTests.swift in Sources */,
				63C7AD8127995191008D77D7 /* Localization_IntroUITests.swift in Sources */,
			);
			runOnlyForDeploymentPostprocessing = 0;
		};
/* End PBXSourcesBuildPhase section */

/* Begin PBXTargetDependency section */
		63C7AD7427995191008D77D7 /* PBXTargetDependency */ = {
			isa = PBXTargetDependency;
			target = 63C7AD5B27995191008D77D7 /* Localization-Intro */;
			targetProxy = 63C7AD7327995191008D77D7 /* PBXContainerItemProxy */;
		};
		63C7AD7E27995191008D77D7 /* PBXTargetDependency */ = {
			isa = PBXTargetDependency;
			target = 63C7AD5B27995191008D77D7 /* Localization-Intro */;
			targetProxy = 63C7AD7D27995191008D77D7 /* PBXContainerItemProxy */;
		};
/* End PBXTargetDependency section */

/* Begin PBXVariantGroup section */
		63C7AD6527995191008D77D7 /* Main.storyboard */ = {
			isa = PBXVariantGroup;
			children = (
				63C7AD6627995191008D77D7 /* Base */,
				63C7ADA127996031008D77D7 /* sv */,
			);
			name = Main.storyboard;
			sourceTree = "<group>";
		};
		63C7AD6A27995191008D77D7 /* LaunchScreen.storyboard */ = {
			isa = PBXVariantGroup;
			children = (
				63C7AD6B27995191008D77D7 /* Base */,
				63C7ADA227996031008D77D7 /* sv */,
			);
			name = LaunchScreen.storyboard;
			sourceTree = "<group>";
		};
		63C7ADA727996094008D77D7 /* Localizable.strings */ = {
			isa = PBXVariantGroup;
			children = (
				63C7ADA627996094008D77D7 /* en */,
				63C7ADA827996097008D77D7 /* sv */,
			);
			name = Localizable.strings;
			sourceTree = "<group>";
		};
		63C7ADAE27996687008D77D7 /* animal.jpeg */ = {
			isa = PBXVariantGroup;
			children = (
				63C7ADAD27996687008D77D7 /* Base */,
				63C7ADAF2799668E008D77D7 /* sv */,
			);
			name = animal.jpeg;
			sourceTree = "<group>";
		};
/* End PBXVariantGroup section */

/* Begin XCBuildConfiguration section */
		63C7AD8427995191008D77D7 /* Debug */ = {
			isa = XCBuildConfiguration;
			buildSettings = {
				ALWAYS_SEARCH_USER_PATHS = NO;
				CLANG_ANALYZER_LOCALIZABILITY_NONLOCALIZED = YES;
				CLANG_ANALYZER_NONNULL = YES;
				CLANG_ANALYZER_NUMBER_OBJECT_CONVERSION = YES_AGGRESSIVE;
				CLANG_CXX_LANGUAGE_STANDARD = "gnu++17";
				CLANG_CXX_LIBRARY = "libc++";
				CLANG_ENABLE_MODULES = YES;
				CLANG_ENABLE_OBJC_ARC = YES;
				CLANG_ENABLE_OBJC_WEAK = YES;
				CLANG_WARN_BLOCK_CAPTURE_AUTORELEASING = YES;
				CLANG_WARN_BOOL_CONVERSION = YES;
				CLANG_WARN_COMMA = YES;
				CLANG_WARN_CONSTANT_CONVERSION = YES;
				CLANG_WARN_DEPRECATED_OBJC_IMPLEMENTATIONS = YES;
				CLANG_WARN_DIRECT_OBJC_ISA_USAGE = YES_ERROR;
				CLANG_WARN_DOCUMENTATION_COMMENTS = YES;
				CLANG_WARN_EMPTY_BODY = YES;
				CLANG_WARN_ENUM_CONVERSION = YES;
				CLANG_WARN_INFINITE_RECURSION = YES;
				CLANG_WARN_INT_CONVERSION = YES;
				CLANG_WARN_NON_LITERAL_NULL_CONVERSION = YES;
				CLANG_WARN_OBJC_IMPLICIT_RETAIN_SELF = YES;
				CLANG_WARN_OBJC_LITERAL_CONVERSION = YES;
				CLANG_WARN_OBJC_ROOT_CLASS = YES_ERROR;
				CLANG_WARN_QUOTED_INCLUDE_IN_FRAMEWORK_HEADER = YES;
				CLANG_WARN_RANGE_LOOP_ANALYSIS = YES;
				CLANG_WARN_STRICT_PROTOTYPES = YES;
				CLANG_WARN_SUSPICIOUS_MOVE = YES;
				CLANG_WARN_UNGUARDED_AVAILABILITY = YES_AGGRESSIVE;
				CLANG_WARN_UNREACHABLE_CODE = YES;
				CLANG_WARN__DUPLICATE_METHOD_MATCH = YES;
				COPY_PHASE_STRIP = NO;
				DEBUG_INFORMATION_FORMAT = dwarf;
				ENABLE_STRICT_OBJC_MSGSEND = YES;
				ENABLE_TESTABILITY = YES;
				GCC_C_LANGUAGE_STANDARD = gnu11;
				GCC_DYNAMIC_NO_PIC = NO;
				GCC_NO_COMMON_BLOCKS = YES;
				GCC_OPTIMIZATION_LEVEL = 0;
				GCC_PREPROCESSOR_DEFINITIONS = (
					"DEBUG=1",
					"$(inherited)",
				);
				GCC_WARN_64_TO_32_BIT_CONVERSION = YES;
				GCC_WARN_ABOUT_RETURN_TYPE = YES_ERROR;
				GCC_WARN_UNDECLARED_SELECTOR = YES;
				GCC_WARN_UNINITIALIZED_AUTOS = YES_AGGRESSIVE;
				GCC_WARN_UNUSED_FUNCTION = YES;
				GCC_WARN_UNUSED_VARIABLE = YES;
				IPHONEOS_DEPLOYMENT_TARGET = 15.2;
				MTL_ENABLE_DEBUG_INFO = INCLUDE_SOURCE;
				MTL_FAST_MATH = YES;
				ONLY_ACTIVE_ARCH = YES;
				SDKROOT = iphoneos;
				SWIFT_ACTIVE_COMPILATION_CONDITIONS = DEBUG;
				SWIFT_OPTIMIZATION_LEVEL = "-Onone";
			};
			name = Debug;
		};
		63C7AD8527995191008D77D7 /* Release */ = {
			isa = XCBuildConfiguration;
			buildSettings = {
				ALWAYS_SEARCH_USER_PATHS = NO;
				CLANG_ANALYZER_LOCALIZABILITY_NONLOCALIZED = YES;
				CLANG_ANALYZER_NONNULL = YES;
				CLANG_ANALYZER_NUMBER_OBJECT_CONVERSION = YES_AGGRESSIVE;
				CLANG_CXX_LANGUAGE_STANDARD = "gnu++17";
				CLANG_CXX_LIBRARY = "libc++";
				CLANG_ENABLE_MODULES = YES;
				CLANG_ENABLE_OBJC_ARC = YES;
				CLANG_ENABLE_OBJC_WEAK = YES;
				CLANG_WARN_BLOCK_CAPTURE_AUTORELEASING = YES;
				CLANG_WARN_BOOL_CONVERSION = YES;
				CLANG_WARN_COMMA = YES;
				CLANG_WARN_CONSTANT_CONVERSION = YES;
				CLANG_WARN_DEPRECATED_OBJC_IMPLEMENTATIONS = YES;
				CLANG_WARN_DIRECT_OBJC_ISA_USAGE = YES_ERROR;
				CLANG_WARN_DOCUMENTATION_COMMENTS = YES;
				CLANG_WARN_EMPTY_BODY = YES;
				CLANG_WARN_ENUM_CONVERSION = YES;
				CLANG_WARN_INFINITE_RECURSION = YES;
				CLANG_WARN_INT_CONVERSION = YES;
				CLANG_WARN_NON_LITERAL_NULL_CONVERSION = YES;
				CLANG_WARN_OBJC_IMPLICIT_RETAIN_SELF = YES;
				CLANG_WARN_OBJC_LITERAL_CONVERSION = YES;
				CLANG_WARN_OBJC_ROOT_CLASS = YES_ERROR;
				CLANG_WARN_QUOTED_INCLUDE_IN_FRAMEWORK_HEADER = YES;
				CLANG_WARN_RANGE_LOOP_ANALYSIS = YES;
				CLANG_WARN_STRICT_PROTOTYPES = YES;
				CLANG_WARN_SUSPICIOUS_MOVE = YES;
				CLANG_WARN_UNGUARDED_AVAILABILITY = YES_AGGRESSIVE;
				CLANG_WARN_UNREACHABLE_CODE = YES;
				CLANG_WARN__DUPLICATE_METHOD_MATCH = YES;
				COPY_PHASE_STRIP = NO;
				DEBUG_INFORMATION_FORMAT = "dwarf-with-dsym";
				ENABLE_NS_ASSERTIONS = NO;
				ENABLE_STRICT_OBJC_MSGSEND = YES;
				GCC_C_LANGUAGE_STANDARD = gnu11;
				GCC_NO_COMMON_BLOCKS = YES;
				GCC_WARN_64_TO_32_BIT_CONVERSION = YES;
				GCC_WARN_ABOUT_RETURN_TYPE = YES_ERROR;
				GCC_WARN_UNDECLARED_SELECTOR = YES;
				GCC_WARN_UNINITIALIZED_AUTOS = YES_AGGRESSIVE;
				GCC_WARN_UNUSED_FUNCTION = YES;
				GCC_WARN_UNUSED_VARIABLE = YES;
				IPHONEOS_DEPLOYMENT_TARGET = 15.2;
				MTL_ENABLE_DEBUG_INFO = NO;
				MTL_FAST_MATH = YES;
				SDKROOT = iphoneos;
				SWIFT_COMPILATION_MODE = wholemodule;
				SWIFT_OPTIMIZATION_LEVEL = "-O";
				VALIDATE_PRODUCT = YES;
			};
			name = Release;
		};
		63C7AD8727995191008D77D7 /* Debug */ = {
			isa = XCBuildConfiguration;
			buildSettings = {
				ASSETCATALOG_COMPILER_APPICON_NAME = AppIcon;
				ASSETCATALOG_COMPILER_GLOBAL_ACCENT_COLOR_NAME = AccentColor;
				CODE_SIGN_STYLE = Automatic;
				CURRENT_PROJECT_VERSION = 1;
				DEVELOPMENT_TEAM = GYVUGUT77Q;
				GENERATE_INFOPLIST_FILE = YES;
				INFOPLIST_FILE = "Localization-Intro/Info.plist";
				INFOPLIST_KEY_UIApplicationSupportsIndirectInputEvents = YES;
				INFOPLIST_KEY_UILaunchStoryboardName = LaunchScreen;
				INFOPLIST_KEY_UIMainStoryboardFile = Main;
				INFOPLIST_KEY_UISupportedInterfaceOrientations_iPad = "UIInterfaceOrientationPortrait UIInterfaceOrientationPortraitUpsideDown UIInterfaceOrientationLandscapeLeft UIInterfaceOrientationLandscapeRight";
				INFOPLIST_KEY_UISupportedInterfaceOrientations_iPhone = "UIInterfaceOrientationPortrait UIInterfaceOrientationLandscapeLeft UIInterfaceOrientationLandscapeRight";
				LD_RUNPATH_SEARCH_PATHS = (
					"$(inherited)",
					"@executable_path/Frameworks",
				);
				MARKETING_VERSION = 1.0;
				PRODUCT_BUNDLE_IDENTIFIER = "com.example.Localization-Intro";
				PRODUCT_NAME = "$(TARGET_NAME)";
				SWIFT_EMIT_LOC_STRINGS = YES;
				SWIFT_VERSION = 5.0;
				TARGETED_DEVICE_FAMILY = "1,2";
			};
			name = Debug;
		};
		63C7AD8827995191008D77D7 /* Release */ = {
			isa = XCBuildConfiguration;
			buildSettings = {
				ASSETCATALOG_COMPILER_APPICON_NAME = AppIcon;
				ASSETCATALOG_COMPILER_GLOBAL_ACCENT_COLOR_NAME = AccentColor;
				CODE_SIGN_STYLE = Automatic;
				CURRENT_PROJECT_VERSION = 1;
				DEVELOPMENT_TEAM = GYVUGUT77Q;
				GENERATE_INFOPLIST_FILE = YES;
				INFOPLIST_FILE = "Localization-Intro/Info.plist";
				INFOPLIST_KEY_UIApplicationSupportsIndirectInputEvents = YES;
				INFOPLIST_KEY_UILaunchStoryboardName = LaunchScreen;
				INFOPLIST_KEY_UIMainStoryboardFile = Main;
				INFOPLIST_KEY_UISupportedInterfaceOrientations_iPad = "UIInterfaceOrientationPortrait UIInterfaceOrientationPortraitUpsideDown UIInterfaceOrientationLandscapeLeft UIInterfaceOrientationLandscapeRight";
				INFOPLIST_KEY_UISupportedInterfaceOrientations_iPhone = "UIInterfaceOrientationPortrait UIInterfaceOrientationLandscapeLeft UIInterfaceOrientationLandscapeRight";
				LD_RUNPATH_SEARCH_PATHS = (
					"$(inherited)",
					"@executable_path/Frameworks",
				);
				MARKETING_VERSION = 1.0;
				PRODUCT_BUNDLE_IDENTIFIER = "com.example.Localization-Intro";
				PRODUCT_NAME = "$(TARGET_NAME)";
				SWIFT_EMIT_LOC_STRINGS = YES;
				SWIFT_VERSION = 5.0;
				TARGETED_DEVICE_FAMILY = "1,2";
			};
			name = Release;
		};
		63C7AD8A27995191008D77D7 /* Debug */ = {
			isa = XCBuildConfiguration;
			buildSettings = {
				ALWAYS_EMBED_SWIFT_STANDARD_LIBRARIES = YES;
				BUNDLE_LOADER = "$(TEST_HOST)";
				CODE_SIGN_STYLE = Automatic;
				CURRENT_PROJECT_VERSION = 1;
				DEVELOPMENT_TEAM = GYVUGUT77Q;
				GENERATE_INFOPLIST_FILE = YES;
				IPHONEOS_DEPLOYMENT_TARGET = 15.2;
				MARKETING_VERSION = 1.0;
				PRODUCT_BUNDLE_IDENTIFIER = "com.example.Localization-IntroTests";
				PRODUCT_NAME = "$(TARGET_NAME)";
				SWIFT_EMIT_LOC_STRINGS = NO;
				SWIFT_VERSION = 5.0;
				TARGETED_DEVICE_FAMILY = "1,2";
				TEST_HOST = "$(BUILT_PRODUCTS_DIR)/Localization-Intro.app/Localization-Intro";
			};
			name = Debug;
		};
		63C7AD8B27995191008D77D7 /* Release */ = {
			isa = XCBuildConfiguration;
			buildSettings = {
				ALWAYS_EMBED_SWIFT_STANDARD_LIBRARIES = YES;
				BUNDLE_LOADER = "$(TEST_HOST)";
				CODE_SIGN_STYLE = Automatic;
				CURRENT_PROJECT_VERSION = 1;
				DEVELOPMENT_TEAM = GYVUGUT77Q;
				GENERATE_INFOPLIST_FILE = YES;
				IPHONEOS_DEPLOYMENT_TARGET = 15.2;
				MARKETING_VERSION = 1.0;
				PRODUCT_BUNDLE_IDENTIFIER = "com.example.Localization-IntroTests";
				PRODUCT_NAME = "$(TARGET_NAME)";
				SWIFT_EMIT_LOC_STRINGS = NO;
				SWIFT_VERSION = 5.0;
				TARGETED_DEVICE_FAMILY = "1,2";
				TEST_HOST = "$(BUILT_PRODUCTS_DIR)/Localization-Intro.app/Localization-Intro";
			};
			name = Release;
		};
		63C7AD8D27995191008D77D7 /* Debug */ = {
			isa = XCBuildConfiguration;
			buildSettings = {
				ALWAYS_EMBED_SWIFT_STANDARD_LIBRARIES = YES;
				CODE_SIGN_STYLE = Automatic;
				CURRENT_PROJECT_VERSION = 1;
				DEVELOPMENT_TEAM = GYVUGUT77Q;
				GENERATE_INFOPLIST_FILE = YES;
				MARKETING_VERSION = 1.0;
				PRODUCT_BUNDLE_IDENTIFIER = "com.example.Localization-IntroUITests";
				PRODUCT_NAME = "$(TARGET_NAME)";
				SWIFT_EMIT_LOC_STRINGS = NO;
				SWIFT_VERSION = 5.0;
				TARGETED_DEVICE_FAMILY = "1,2";
				TEST_TARGET_NAME = "Localization-Intro";
			};
			name = Debug;
		};
		63C7AD8E27995191008D77D7 /* Release */ = {
			isa = XCBuildConfiguration;
			buildSettings = {
				ALWAYS_EMBED_SWIFT_STANDARD_LIBRARIES = YES;
				CODE_SIGN_STYLE = Automatic;
				CURRENT_PROJECT_VERSION = 1;
				DEVELOPMENT_TEAM = GYVUGUT77Q;
				GENERATE_INFOPLIST_FILE = YES;
				MARKETING_VERSION = 1.0;
				PRODUCT_BUNDLE_IDENTIFIER = "com.example.Localization-IntroUITests";
				PRODUCT_NAME = "$(TARGET_NAME)";
				SWIFT_EMIT_LOC_STRINGS = NO;
				SWIFT_VERSION = 5.0;
				TARGETED_DEVICE_FAMILY = "1,2";
				TEST_TARGET_NAME = "Localization-Intro";
			};
			name = Release;
		};
/* End XCBuildConfiguration section */

/* Begin XCConfigurationList section */
		63C7AD5727995191008D77D7 /* Build configuration list for PBXProject "Localization-Intro" */ = {
			isa = XCConfigurationList;
			buildConfigurations = (
				63C7AD8427995191008D77D7 /* Debug */,
				63C7AD8527995191008D77D7 /* Release */,
			);
			defaultConfigurationIsVisible = 0;
			defaultConfigurationName = Release;
		};
		63C7AD8627995191008D77D7 /* Build configuration list for PBXNativeTarget "Localization-Intro" */ = {
			isa = XCConfigurationList;
			buildConfigurations = (
				63C7AD8727995191008D77D7 /* Debug */,
				63C7AD8827995191008D77D7 /* Release */,
			);
			defaultConfigurationIsVisible = 0;
			defaultConfigurationName = Release;
		};
		63C7AD8927995191008D77D7 /* Build configuration list for PBXNativeTarget "Localization-IntroTests" */ = {
			isa = XCConfigurationList;
			buildConfigurations = (
				63C7AD8A27995191008D77D7 /* Debug */,
				63C7AD8B27995191008D77D7 /* Release */,
			);
			defaultConfigurationIsVisible = 0;
			defaultConfigurationName = Release;
		};
		63C7AD8C27995191008D77D7 /* Build configuration list for PBXNativeTarget "Localization-IntroUITests" */ = {
			isa = XCConfigurationList;
			buildConfigurations = (
				63C7AD8D27995191008D77D7 /* Debug */,
				63C7AD8E27995191008D77D7 /* Release */,
			);
			defaultConfigurationIsVisible = 0;
			defaultConfigurationName = Release;
		};
/* End XCConfigurationList section */
	};
	rootObject = 63C7AD5427995191008D77D7 /* Project object */;
}
